
Microsoft Visual Studio Solution File, Format Version 12.00
# Visual Studio Version 17
VisualStudioVersion = 17.10.35027.167
MinimumVisualStudioVersion = 10.0.40219.1
Project("{8BC9CEB8-8B4A-11D0-8D11-00A0C91BC942}") = "ConsoleApplication6", "ConsoleApplication6\ConsoleApplication6.vcxproj", "{9EB1F416-2776-4865-8BFB-BB09CC7A398B}"
EndProject
Global
	GlobalSection(SolutionConfigurationPlatforms) = preSolution
		Debug|x64 = Debug|x64
		Debug|x86 = Debug|x86
		Release|x64 = Release|x64
		Release|x86 = Release|x86
	EndGlobalSection
	GlobalSection(ProjectConfigurationPlatforms) = postSolution
		{9EB1F416-2776-4865-8BFB-BB09CC7A398B}.Debug|x64.ActiveCfg = Debug|x64
		{9EB1F416-2776-4865-8BFB-BB09CC7A398B}.Debug|x64.Build.0 = Debug|x64
		{9EB1F416-2776-4865-8BFB-BB09CC7A398B}.Debug|x86.ActiveCfg = Debug|Win32
		{9EB1F416-2776-4865-8BFB-BB09CC7A398B}.Debug|x86.Build.0 = Debug|Win32
		{9EB1F416-2776-4865-8BFB-BB09CC7A398B}.Release|x64.ActiveCfg = Release|x64
		{9EB1F416-2776-4865-8BFB-BB09CC7A398B}.Release|x64.Build.0 = Release|x64
		{9EB1F416-2776-4865-8BFB-BB09CC7A398B}.Release|x86.ActiveCfg = Release|Win32
		{9EB1F416-2776-4865-8BFB-BB09CC7A398B}.Release|x86.Build.0 = Release|Win32
	EndGlobalSection
	GlobalSection(SolutionProperties) = preSolution
		HideSolutionNode = FALSE
	EndGlobalSection
	GlobalSection(ExtensibilityGlobals) = postSolution
		SolutionGuid = {4FE2A89B-3671-4735-AED0-9EB7F1F18C65}
	EndGlobalSection
EndGlobal
